// !$*UTF8*$!
{
	archiveVersion = 1;
	classes = {
	};
	objectVersion = 46;
	objects = {

/* Begin PBXBuildFile section */
		59220B501A51A200007230A8 /* main.m in Sources */ = {isa = PBXBuildFile; fileRef = 59220B4F1A51A200007230A8 /* main.m */; };
		59220B531A51A200007230A8 /* AppDelegate.m in Sources */ = {isa = PBXBuildFile; fileRef = 59220B521A51A200007230A8 /* AppDelegate.m */; };
		59220B561A51A200007230A8 /* ViewController.m in Sources */ = {isa = PBXBuildFile; fileRef = 59220B551A51A200007230A8 /* ViewController.m */; };
		59220B591A51A200007230A8 /* Main.storyboard in Resources */ = {isa = PBXBuildFile; fileRef = 59220B571A51A200007230A8 /* Main.storyboard */; };
		59220B5B1A51A200007230A8 /* Images.xcassets in Resources */ = {isa = PBXBuildFile; fileRef = 59220B5A1A51A200007230A8 /* Images.xcassets */; };
		59220B5E1A51A200007230A8 /* LaunchScreen.xib in Resources */ = {isa = PBXBuildFile; fileRef = 59220B5C1A51A200007230A8 /* LaunchScreen.xib */; };
		59220B6A1A51A200007230A8 /* TVListing3Tests.m in Sources */ = {isa = PBXBuildFile; fileRef = 59220B691A51A200007230A8 /* TVListing3Tests.m */; };
/* End PBXBuildFile section */

/* Begin PBXContainerItemProxy section */
		59220B641A51A200007230A8 /* PBXContainerItemProxy */ = {
			isa = PBXContainerItemProxy;
			containerPortal = 59220B421A51A200007230A8 /* Project object */;
			proxyType = 1;
			remoteGlobalIDString = 59220B491A51A200007230A8;
			remoteInfo = TVListing3;
		};
/* End PBXContainerItemProxy section */

/* Begin PBXFileReference section */
		59220B4A1A51A200007230A8 /* TVListing3.app */ = {isa = PBXFileReference; explicitFileType = wrapper.application; includeInIndex = 0; path = TVListing3.app; sourceTree = BUILT_PRODUCTS_DIR; };
		59220B4E1A51A200007230A8 /* Info.plist */ = {isa = PBXFileReference; lastKnownFileType = text.plist.xml; path = Info.plist; sourceTree = "<group>"; };
		59220B4F1A51A200007230A8 /* main.m */ = {isa = PBXFileReference; lastKnownFileType = sourcecode.c.objc; path = main.m; sourceTree = "<group>"; };
		59220B511A51A200007230A8 /* AppDelegate.h */ = {isa = PBXFileReference; lastKnownFileType = sourcecode.c.h; path = AppDelegate.h; sourceTree = "<group>"; };
		59220B521A51A200007230A8 /* AppDelegate.m */ = {isa = PBXFileReference; lastKnownFileType = sourcecode.c.objc; path = AppDelegate.m; sourceTree = "<group>"; };
		59220B541A51A200007230A8 /* ViewController.h */ = {isa = PBXFileReference; lastKnownFileType = sourcecode.c.h; path = ViewController.h; sourceTree = "<group>"; };
		59220B551A51A200007230A8 /* ViewController.m */ = {isa = PBXFileReference; lastKnownFileType = sourcecode.c.objc; path = ViewController.m; sourceTree = "<group>"; };
		59220B581A51A200007230A8 /* Base */ = {isa = PBXFileReference; lastKnownFileType = file.storyboard; name = Base; path = Base.lproj/Main.storyboard; sourceTree = "<group>"; };
		59220B5A1A51A200007230A8 /* Images.xcassets */ = {isa = PBXFileReference; lastKnownFileType = folder.assetcatalog; path = Images.xcassets; sourceTree = "<group>"; };
		59220B5D1A51A200007230A8 /* Base */ = {isa = PBXFileReference; lastKnownFileType = file.xib; name = Base; path = Base.lproj/LaunchScreen.xib; sourceTree = "<group>"; };
		59220B631A51A200007230A8 /* TVListing3Tests.xctest */ = {isa = PBXFileReference; explicitFileType = wrapper.cfbundle; includeInIndex = 0; path = TVListing3Tests.xctest; sourceTree = BUILT_PRODUCTS_DIR; };
		59220B681A51A200007230A8 /* Info.plist */ = {isa = PBXFileReference; lastKnownFileType = text.plist.xml; path = Info.plist; sourceTree = "<group>"; };
		59220B691A51A200007230A8 /* TVListing3Tests.m */ = {isa = PBXFileReference; lastKnownFileType = sourcecode.c.objc; path = TVListing3Tests.m; sourceTree = "<group>"; };
/* End PBXFileReference section */

/* Begin PBXFrameworksBuildPhase section */
		59220B471A51A200007230A8 /* Frameworks */ = {
			isa = PBXFrameworksBuildPhase;
			buildActionMask = 2147483647;
			files = (
			);
			runOnlyForDeploymentPostprocessing = 0;
		};
		59220B601A51A200007230A8 /* Frameworks */ = {
			isa = PBXFrameworksBuildPhase;
			buildActionMask = 2147483647;
			files = (
			);
			runOnlyForDeploymentPostprocessing = 0;
		};
/* End PBXFrameworksBuildPhase section */

/* Begin PBXGroup section */
		59220B411A51A200007230A8 = {
			isa = PBXGroup;
			children = (
				59220B4C1A51A200007230A8 /* TVListing3 */,
				59220B661A51A200007230A8 /* TVListing3Tests */,
				59220B4B1A51A200007230A8 /* Products */,
			);
			sourceTree = "<group>";
		};
		59220B4B1A51A200007230A8 /* Products */ = {
			isa = PBXGroup;
			children = (
				59220B4A1A51A200007230A8 /* TVListing3.app */,
				59220B631A51A200007230A8 /* TVListing3Tests.xctest */,
			);
			name = Products;
			sourceTree = "<group>";
		};
		59220B4C1A51A200007230A8 /* TVListing3 */ = {
			isa = PBXGroup;
			children = (
				59220B511A51A200007230A8 /* AppDelegate.h */,
				59220B521A51A200007230A8 /* AppDelegate.m */,
				59220B541A51A200007230A8 /* ViewController.h */,
				59220B551A51A200007230A8 /* ViewController.m */,
				59220B571A51A200007230A8 /* Main.storyboard */,
				59220B5A1A51A200007230A8 /* Images.xcassets */,
				59220B5C1A51A200007230A8 /* LaunchScreen.xib */,
				59220B4D1A51A200007230A8 /* Supporting Files */,
			);
			path = TVListing3;
			sourceTree = "<group>";
		};
		59220B4D1A51A200007230A8 /* Supporting Files */ = {
			isa = PBXGroup;
			children = (
				59220B4E1A51A200007230A8 /* Info.plist */,
				59220B4F1A51A200007230A8 /* main.m */,
			);
			name = "Supporting Files";
			sourceTree = "<group>";
		};
		59220B661A51A200007230A8 /* TVListing3Tests */ = {
			isa = PBXGroup;
			children = (
				59220B691A51A200007230A8 /* TVListing3Tests.m */,
				59220B671A51A200007230A8 /* Supporting Files */,
			);
			path = TVListing3Tests;
			sourceTree = "<group>";
		};
		59220B671A51A200007230A8 /* Supporting Files */ = {
			isa = PBXGroup;
			children = (
				59220B681A51A200007230A8 /* Info.plist */,
			);
			name = "Supporting Files";
			sourceTree = "<group>";
		};
/* End PBXGroup section */

/* Begin PBXNativeTarget section */
		59220B491A51A200007230A8 /* TVListing3 */ = {
			isa = PBXNativeTarget;
			buildConfigurationList = 59220B6D1A51A200007230A8 /* Build configuration list for PBXNativeTarget "TVListing3" */;
			buildPhases = (
				59220B461A51A200007230A8 /* Sources */,
				59220B471A51A200007230A8 /* Frameworks */,
				59220B481A51A200007230A8 /* Resources */,
			);
			buildRules = (
			);
			dependencies = (
			);
			name = TVListing3;
			productName = TVListing3;
			productReference = 59220B4A1A51A200007230A8 /* TVListing3.app */;
			productType = "com.apple.product-type.application";
		};
		59220B621A51A200007230A8 /* TVListing3Tests */ = {
			isa = PBXNativeTarget;
			buildConfigurationList = 59220B701A51A200007230A8 /* Build configuration list for PBXNativeTarget "TVListing3Tests" */;
			buildPhases = (
				59220B5F1A51A200007230A8 /* Sources */,
				59220B601A51A200007230A8 /* Frameworks */,
				59220B611A51A200007230A8 /* Resources */,
			);
			buildRules = (
			);
			dependencies = (
				59220B651A51A200007230A8 /* PBXTargetDependency */,
			);
			name = TVListing3Tests;
			productName = TVListing3Tests;
			productReference = 59220B631A51A200007230A8 /* TVListing3Tests.xctest */;
			productType = "com.apple.product-type.bundle.unit-test";
		};
/* End PBXNativeTarget section */

/* Begin PBXProject section */
		59220B421A51A200007230A8 /* Project object */ = {
			isa = PBXProject;
			attributes = {
				LastUpgradeCheck = 0610;
				ORGANIZATIONNAME = avikantz;
				TargetAttributes = {
					59220B491A51A200007230A8 = {
						CreatedOnToolsVersion = 6.1.1;
					};
					59220B621A51A200007230A8 = {
						CreatedOnToolsVersion = 6.1.1;
						TestTargetID = 59220B491A51A200007230A8;
					};
				};
			};
			buildConfigurationList = 59220B451A51A200007230A8 /* Build configuration list for PBXProject "TVListing3" */;
			compatibilityVersion = "Xcode 3.2";
			developmentRegion = English;
			hasScannedForEncodings = 0;
			knownRegions = (
				en,
				Base,
			);
			mainGroup = 59220B411A51A200007230A8;
			productRefGroup = 59220B4B1A51A200007230A8 /* Products */;
			projectDirPath = "";
			projectRoot = "";
			targets = (
				59220B491A51A200007230A8 /* TVListing3 */,
				59220B621A51A200007230A8 /* TVListing3Tests */,
			);
		};
/* End PBXProject section */

/* Begin PBXResourcesBuildPhase section */
		59220B481A51A200007230A8 /* Resources */ = {
			isa = PBXResourcesBuildPhase;
			buildActionMask = 2147483647;
			files = (
				59220B591A51A200007230A8 /* Main.storyboard in Resources */,
				59220B5E1A51A200007230A8 /* LaunchScreen.xib in Resources */,
				59220B5B1A51A200007230A8 /* Images.xcassets in Resources */,
			);
			runOnlyForDeploymentPostprocessing = 0;
		};
		59220B611A51A200007230A8 /* Resources */ = {
			isa = PBXResourcesBuildPhase;
			buildActionMask = 2147483647;
			files = (
			);
			runOnlyForDeploymentPostprocessing = 0;
		};
/* End PBXResourcesBuildPhase section */

/* Begin PBXSourcesBuildPhase section */
		59220B461A51A200007230A8 /* Sources */ = {
			isa = PBXSourcesBuildPhase;
			buildActionMask = 2147483647;
			files = (
				59220B561A51A200007230A8 /* ViewController.m in Sources */,
				59220B531A51A200007230A8 /* AppDelegate.m in Sources */,
				59220B501A51A200007230A8 /* main.m in Sources */,
			);
			runOnlyForDeploymentPostprocessing = 0;
		};
		59220B5F1A51A200007230A8 /* Sources */ = {
			isa = PBXSourcesBuildPhase;
			buildActionMask = 2147483647;
			files = (
				59220B6A1A51A200007230A8 /* TVListing3Tests.m in Sources */,
			);
			runOnlyForDeploymentPostprocessing = 0;
		};
/* End PBXSourcesBuildPhase section */

/* Begin PBXTargetDependency section */
		59220B651A51A200007230A8 /* PBXTargetDependency */ = {
			isa = PBXTargetDependency;
			target = 59220B491A51A200007230A8 /* TVListing3 */;
			targetProxy = 59220B641A51A200007230A8 /* PBXContainerItemProxy */;
		};
/* End PBXTargetDependency section */

/* Begin PBXVariantGroup section */
		59220B571A51A200007230A8 /* Main.storyboard */ = {
			isa = PBXVariantGroup;
			children = (
				59220B581A51A200007230A8 /* Base */,
			);
			name = Main.storyboard;
			sourceTree = "<group>";
		};
		59220B5C1A51A200007230A8 /* LaunchScreen.xib */ = {
			isa = PBXVariantGroup;
			children = (
				59220B5D1A51A200007230A8 /* Base */,
			);
			name = LaunchScreen.xib;
			sourceTree = "<group>";
		};
/* End PBXVariantGroup section */

/* Begin XCBuildConfiguration section */
		59220B6B1A51A200007230A8 /* Debug */ = {
			isa = XCBuildConfiguration;
			buildSettings = {
				ALWAYS_SEARCH_USER_PATHS = NO;
				CLANG_CXX_LANGUAGE_STANDARD = "gnu++0x";
				CLANG_CXX_LIBRARY = "libc++";
				CLANG_ENABLE_MODULES = YES;
				CLANG_ENABLE_OBJC_ARC = YES;
				CLANG_WARN_BOOL_CONVERSION = YES;
				CLANG_WARN_CONSTANT_CONVERSION = YES;
				CLANG_WARN_DIRECT_OBJC_ISA_USAGE = YES_ERROR;
				CLANG_WARN_EMPTY_BODY = YES;
				CLANG_WARN_ENUM_CONVERSION = YES;
				CLANG_WARN_INT_CONVERSION = YES;
				CLANG_WARN_OBJC_ROOT_CLASS = YES_ERROR;
				CLANG_WARN_UNREACHABLE_CODE = YES;
				CLANG_WARN__DUPLICATE_METHOD_MATCH = YES;
				"CODE_SIGN_IDENTITY[sdk=iphoneos*]" = "iPhone Developer";
				COPY_PHASE_STRIP = NO;
				ENABLE_STRICT_OBJC_MSGSEND = YES;
				GCC_C_LANGUAGE_STANDARD = gnu99;
				GCC_DYNAMIC_NO_PIC = NO;
				GCC_OPTIMIZATION_LEVEL = 0;
				GCC_PREPROCESSOR_DEFINITIONS = (
					"DEBUG=1",
					"$(inherited)",
				);
				GCC_SYMBOLS_PRIVATE_EXTERN = NO;
				GCC_WARN_64_TO_32_BIT_CONVERSION = YES;
				GCC_WARN_ABOUT_RETURN_TYPE = YES_ERROR;
				GCC_WARN_UNDECLARED_SELECTOR = YES;
				GCC_WARN_UNINITIALIZED_AUTOS = YES_AGGRESSIVE;
				GCC_WARN_UNUSED_FUNCTION = YES;
				GCC_WARN_UNUSED_VARIABLE = YES;
				IPHONEOS_DEPLOYMENT_TARGET = 8.1;
				MTL_ENABLE_DEBUG_INFO = YES;
				ONLY_ACTIVE_ARCH = YES;
				SDKROOT = iphoneos;
			};
			name = Debug;
		};
		59220B6C1A51A200007230A8 /* Release */ = {
			isa = XCBuildConfiguration;
			buildSettings = {
				ALWAYS_SEARCH_USER_PATHS = NO;
				CLANG_CXX_LANGUAGE_STANDARD = "gnu++0x";
				CLANG_CXX_LIBRARY = "libc++";
				CLANG_ENABLE_MODULES = YES;
				CLANG_ENABLE_OBJC_ARC = YES;
				CLANG_WARN_BOOL_CONVERSION = YES;
				CLANG_WARN_CONSTANT_CONVERSION = YES;
				CLANG_WARN_DIRECT_OBJC_ISA_USAGE = YES_ERROR;
				CLANG_WARN_EMPTY_BODY = YES;
				CLANG_WARN_ENUM_CONVERSION = YES;
				CLANG_WARN_INT_CONVERSION = YES;
				CLANG_WARN_OBJC_ROOT_CLASS = YES_ERROR;
				CLANG_WARN_UNREACHABLE_CODE = YES;
				CLANG_WARN__DUPLICATE_METHOD_MATCH = YES;
				"CODE_SIGN_IDENTITY[sdk=iphoneos*]" = "iPhone Developer";
				COPY_PHASE_STRIP = YES;
				ENABLE_NS_ASSERTIONS = NO;
				ENABLE_STRICT_OBJC_MSGSEND = YES;
				GCC_C_LANGUAGE_STANDARD = gnu99;
				GCC_WARN_64_TO_32_BIT_CONVERSION = YES;
				GCC_WARN_ABOUT_RETURN_TYPE = YES_ERROR;
				GCC_WARN_UNDECLARED_SELECTOR = YES;
				GCC_WARN_UNINITIALIZED_AUTOS = YES_AGGRESSIVE;
				GCC_WARN_UNUSED_FUNCTION = YES;
				GCC_WARN_UNUSED_VARIABLE = YES;
				IPHONEOS_DEPLOYMENT_TARGET = 8.1;
				MTL_ENABLE_DEBUG_INFO = NO;
				SDKROOT = iphoneos;
				VALIDATE_PRODUCT = YES;
			};
			name = Release;
		};
		59220B6E1A51A200007230A8 /* Debug */ = {
			isa = XCBuildConfiguration;
			buildSettings = {
				ASSETCATALOG_COMPILER_APPICON_NAME = AppIcon;
				INFOPLIST_FILE = TVListing3/Info.plist;
				LD_RUNPATH_SEARCH_PATHS = "$(inherited) @executable_path/Frameworks";
				PRODUCT_NAME = "$(TARGET_NAME)";
			};
			name = Debug;
		};
		59220B6F1A51A200007230A8 /* Release */ = {
			isa = XCBuildConfiguration;
			buildSettings = {
				ASSETCATALOG_COMPILER_APPICON_NAME = AppIcon;
				INFOPLIST_FILE = TVListing3/Info.plist;
				LD_RUNPATH_SEARCH_PATHS = "$(inherited) @executable_path/Frameworks";
				PRODUCT_NAME = "$(TARGET_NAME)";
			};
			name = Release;
		};
		59220B711A51A200007230A8 /* Debug */ = {
			isa = XCBuildConfiguration;
			buildSettings = {
				BUNDLE_LOADER = "$(TEST_HOST)";
				FRAMEWORK_SEARCH_PATHS = (
					"$(SDKROOT)/Developer/Library/Frameworks",
					"$(inherited)",
				);
				GCC_PREPROCESSOR_DEFINITIONS = (
					"DEBUG=1",
					"$(inherited)",
				);
				INFOPLIST_FILE = TVListing3Tests/Info.plist;
				LD_RUNPATH_SEARCH_PATHS = "$(inherited) @executable_path/Frameworks @loader_path/Frameworks";
				PRODUCT_NAME = "$(TARGET_NAME)";
				TEST_HOST = "$(BUILT_PRODUCTS_DIR)/TVListing3.app/TVListing3";
			};
			name = Debug;
		};
		59220B721A51A200007230A8 /* Release */ = {
			isa = XCBuildConfiguration;
			buildSettings = {
				BUNDLE_LOADER = "$(TEST_HOST)";
				FRAMEWORK_SEARCH_PATHS = (
					"$(SDKROOT)/Developer/Library/Frameworks",
					"$(inherited)",
				);
				INFOPLIST_FILE = TVListing3Tests/Info.plist;
				LD_RUNPATH_SEARCH_PATHS = "$(inherited) @executable_path/Frameworks @loader_path/Frameworks";
				PRODUCT_NAME = "$(TARGET_NAME)";
				TEST_HOST = "$(BUILT_PRODUCTS_DIR)/TVListing3.app/TVListing3";
			};
			name = Release;
		};
/* End XCBuildConfiguration section */

/* Begin XCConfigurationList section */
		59220B451A51A200007230A8 /* Build configuration list for PBXProject "TVListing3" */ = {
			isa = XCConfigurationList;
			buildConfigurations = (
				59220B6B1A51A200007230A8 /* Debug */,
				59220B6C1A51A200007230A8 /* Release */,
			);
			defaultConfigurationIsVisible = 0;
			defaultConfigurationName = Release;
		};
		59220B6D1A51A200007230A8 /* Build configuration list for PBXNativeTarget "TVListing3" */ = {
			isa = XCConfigurationList;
			buildConfigurations = (
				59220B6E1A51A200007230A8 /* Debug */,
				59220B6F1A51A200007230A8 /* Release */,
			);
			defaultConfigurationIsVisible = 0;
		};
		59220B701A51A200007230A8 /* Build configuration list for PBXNativeTarget "TVListing3Tests" */ = {
			isa = XCConfigurationList;
			buildConfigurations = (
				59220B711A51A200007230A8 /* Debug */,
				59220B721A51A200007230A8 /* Release */,
			);
			defaultConfigurationIsVisible = 0;
		};
/* End XCConfigurationList section */
	};
	rootObject = 59220B421A51A200007230A8 /* Project object */;
}
